// !$*UTF8*$!
{
	archiveVersion = 1;
	classes = {
	};
	objectVersion = 46;
	objects = {

/* Begin PBXBuildFile section */
		188C949A18DDEECF0006DF86 /* libz.dylib in Frameworks */ = {isa = PBXBuildFile; fileRef = 188C949918DDEECF0006DF86 /* libz.dylib */; };
		188C967618DDF4800006DF86 /* AudioToolbox.framework in Frameworks */ = {isa = PBXBuildFile; fileRef = 188C967518DDF4800006DF86 /* AudioToolbox.framework */; };
		188C967818DDF4860006DF86 /* MessageUI.framework in Frameworks */ = {isa = PBXBuildFile; fileRef = 188C967718DDF4860006DF86 /* MessageUI.framework */; };
		188C967A18DDF4910006DF86 /* SystemConfiguration.framework in Frameworks */ = {isa = PBXBuildFile; fileRef = 188C967918DDF4910006DF86 /* SystemConfiguration.framework */; };
		188C967C18DDF4990006DF86 /* AdSupport.framework in Frameworks */ = {isa = PBXBuildFile; fileRef = 188C967B18DDF4990006DF86 /* AdSupport.framework */; };
		188C967E18DDF5080006DF86 /* libsqlite3.0.dylib in Frameworks */ = {isa = PBXBuildFile; fileRef = 188C967D18DDF5080006DF86 /* libsqlite3.0.dylib */; };
		188C968018DDF5130006DF86 /* CFNetwork.framework in Frameworks */ = {isa = PBXBuildFile; fileRef = 188C967F18DDF5130006DF86 /* CFNetwork.framework */; };
		188C968218DDF5220006DF86 /* CoreData.framework in Frameworks */ = {isa = PBXBuildFile; fileRef = 188C968118DDF5220006DF86 /* CoreData.framework */; };
		188C985318DDF81D0006DF86 /* libGoogleAdMobAds.a in Frameworks */ = {isa = PBXBuildFile; fileRef = 188C980418DDF81C0006DF86 /* libGoogleAdMobAds.a */; };
		188C985418DDF81D0006DF86 /* README.txt in Resources */ = {isa = PBXBuildFile; fileRef = 188C980518DDF81C0006DF86 /* README.txt */; };
		188C985C18DDF8310006DF86 /* StoreKit.framework in Frameworks */ = {isa = PBXBuildFile; fileRef = 188C985B18DDF8310006DF86 /* StoreKit.framework */; };
		188C986218DDFC010006DF86 /* AVFoundation.framework in Frameworks */ = {isa = PBXBuildFile; fileRef = 188C986118DDFC010006DF86 /* AVFoundation.framework */; };
		188C986418DDFC130006DF86 /* CoreTelephony.framework in Frameworks */ = {isa = PBXBuildFile; fileRef = 188C986318DDFC130006DF86 /* CoreTelephony.framework */; };
		188C986618DE03AC0006DF86 /* button_click.mp3 in Resources */ = {isa = PBXBuildFile; fileRef = 188C986518DE03AC0006DF86 /* button_click.mp3 */; };
		188C986A18DE04070006DF86 /* AudioHelper.m in Sources */ = {isa = PBXBuildFile; fileRef = 188C986918DE04070006DF86 /* AudioHelper.m */; };
		188C987818DE0EF60006DF86 /* woosh.aif in Resources */ = {isa = PBXBuildFile; fileRef = 188C987718DE0EF60006DF86 /* woosh.aif */; };
		18C208D018DB339000C548E3 /* UMSocialLocalizable.strings in Resources */ = {isa = PBXBuildFile; fileRef = 18C208B118DB339000C548E3 /* UMSocialLocalizable.strings */; };
		18C208D118DB339000C548E3 /* libWeChatSDK.a in Frameworks */ = {isa = PBXBuildFile; fileRef = 18C208B518DB339000C548E3 /* libWeChatSDK.a */; };
		18C208D218DB339000C548E3 /* libUMSocial_Sdk_3.3.4.a in Frameworks */ = {isa = PBXBuildFile; fileRef = 18C208C418DB339000C548E3 /* libUMSocial_Sdk_3.3.4.a */; };
		18C208D318DB339000C548E3 /* UMSCommentDetailController.xib in Resources */ = {isa = PBXBuildFile; fileRef = 18C208C618DB339000C548E3 /* UMSCommentDetailController.xib */; };
		18C208D418DB339000C548E3 /* UMSCommentInputController.xib in Resources */ = {isa = PBXBuildFile; fileRef = 18C208C718DB339000C548E3 /* UMSCommentInputController.xib */; };
		18C208D518DB339000C548E3 /* UMSCommentInputControlleriPad.xib in Resources */ = {isa = PBXBuildFile; fileRef = 18C208C818DB339000C548E3 /* UMSCommentInputControlleriPad.xib */; };
		18C208D618DB339000C548E3 /* UMShareEditViewController.xib in Resources */ = {isa = PBXBuildFile; fileRef = 18C208C918DB339000C548E3 /* UMShareEditViewController.xib */; };
		18C208D718DB339000C548E3 /* UMShareEditViewControlleriPad.xib in Resources */ = {isa = PBXBuildFile; fileRef = 18C208CA18DB339000C548E3 /* UMShareEditViewControlleriPad.xib */; };
		18C208D818DB339000C548E3 /* UMSLoginViewController.xib in Resources */ = {isa = PBXBuildFile; fileRef = 18C208CB18DB339000C548E3 /* UMSLoginViewController.xib */; };
		18C208D918DB339000C548E3 /* UMSnsAccountViewController.xib in Resources */ = {isa = PBXBuildFile; fileRef = 18C208CC18DB339000C548E3 /* UMSnsAccountViewController.xib */; };
		18C208DA18DB339000C548E3 /* UMSShareListController.xib in Resources */ = {isa = PBXBuildFile; fileRef = 18C208CD18DB339000C548E3 /* UMSShareListController.xib */; };
		18C208DB18DB339000C548E3 /* UMSocialSDKResourcesNew.bundle in Resources */ = {isa = PBXBuildFile; fileRef = 18C208CE18DB339000C548E3 /* UMSocialSDKResourcesNew.bundle */; };
		18E11FCB18D8F3C400CC8C42 /* Foundation.framework in Frameworks */ = {isa = PBXBuildFile; fileRef = 18E11FCA18D8F3C400CC8C42 /* Foundation.framework */; };
		18E11FCD18D8F3C400CC8C42 /* CoreGraphics.framework in Frameworks */ = {isa = PBXBuildFile; fileRef = 18E11FCC18D8F3C400CC8C42 /* CoreGraphics.framework */; };
		18E11FCF18D8F3C400CC8C42 /* UIKit.framework in Frameworks */ = {isa = PBXBuildFile; fileRef = 18E11FCE18D8F3C400CC8C42 /* UIKit.framework */; };
		18E11FD518D8F3C500CC8C42 /* InfoPlist.strings in Resources */ = {isa = PBXBuildFile; fileRef = 18E11FD318D8F3C500CC8C42 /* InfoPlist.strings */; };
		18E11FD718D8F3C500CC8C42 /* main.m in Sources */ = {isa = PBXBuildFile; fileRef = 18E11FD618D8F3C500CC8C42 /* main.m */; };
		18E11FDB18D8F3C500CC8C42 /* AppDelegate.m in Sources */ = {isa = PBXBuildFile; fileRef = 18E11FDA18D8F3C500CC8C42 /* AppDelegate.m */; };
		18E11FDD18D8F3C500CC8C42 /* Images.xcassets in Resources */ = {isa = PBXBuildFile; fileRef = 18E11FDC18D8F3C500CC8C42 /* Images.xcassets */; };
		18E11FE418D8F3C500CC8C42 /* XCTest.framework in Frameworks */ = {isa = PBXBuildFile; fileRef = 18E11FE318D8F3C500CC8C42 /* XCTest.framework */; };
		18E11FE518D8F3C500CC8C42 /* Foundation.framework in Frameworks */ = {isa = PBXBuildFile; fileRef = 18E11FCA18D8F3C400CC8C42 /* Foundation.framework */; };
		18E11FE618D8F3C500CC8C42 /* UIKit.framework in Frameworks */ = {isa = PBXBuildFile; fileRef = 18E11FCE18D8F3C400CC8C42 /* UIKit.framework */; };
		18E11FFF18D8F44200CC8C42 /* MainViewController.m in Sources */ = {isa = PBXBuildFile; fileRef = 18E11FFE18D8F44200CC8C42 /* MainViewController.m */; };
		18E1200218D8F46200CC8C42 /* MainView.m in Sources */ = {isa = PBXBuildFile; fileRef = 18E1200118D8F46200CC8C42 /* MainView.m */; };
		18E1200518D8F4B900CC8C42 /* GameView.m in Sources */ = {isa = PBXBuildFile; fileRef = 18E1200418D8F4B900CC8C42 /* GameView.m */; };
		18E1200818D8F77600CC8C42 /* GameBlock.m in Sources */ = {isa = PBXBuildFile; fileRef = 18E1200718D8F77600CC8C42 /* GameBlock.m */; };
		18E1200B18D8F85500CC8C42 /* GameBox.m in Sources */ = {isa = PBXBuildFile; fileRef = 18E1200A18D8F85500CC8C42 /* GameBox.m */; };
		18E1200F18D909E200CC8C42 /* UIView+Animation.m in Sources */ = {isa = PBXBuildFile; fileRef = 18E1200E18D909E200CC8C42 /* UIView+Animation.m */; };
		18F3C6FF18DB1B58006BCEF6 /* UIView+Controller.m in Sources */ = {isa = PBXBuildFile; fileRef = 18F3C6FE18DB1B58006BCEF6 /* UIView+Controller.m */; };
		9653474418DEE06700B482F8 /* down.mp3 in Resources */ = {isa = PBXBuildFile; fileRef = 9653474318DEE06700B482F8 /* down.mp3 */; };
		9677F2C418DDA16A004625AE /* CountView.m in Sources */ = {isa = PBXBuildFile; fileRef = 9677F2C318DDA16A004625AE /* CountView.m */; };
		9677F2C718DDD1DA004625AE /* PopupMenu.m in Sources */ = {isa = PBXBuildFile; fileRef = 9677F2C618DDD1DA004625AE /* PopupMenu.m */; };
/* End PBXBuildFile section */

/* Begin PBXContainerItemProxy section */
		18E11FE718D8F3C500CC8C42 /* PBXContainerItemProxy */ = {
			isa = PBXContainerItemProxy;
			containerPortal = 18E11FBF18D8F3C400CC8C42 /* Project object */;
			proxyType = 1;
			remoteGlobalIDString = 18E11FC618D8F3C400CC8C42;
			remoteInfo = 2048;
		};
/* End PBXContainerItemProxy section */

/* Begin PBXFileReference section */
		182EEB2918D9DC2400CB4C5D /* Global.h */ = {isa = PBXFileReference; lastKnownFileType = sourcecode.c.h; path = Global.h; sourceTree = "<group>"; };
		188C949918DDEECF0006DF86 /* libz.dylib */ = {isa = PBXFileReference; lastKnownFileType = "compiled.mach-o.dylib"; name = libz.dylib; path = usr/lib/libz.dylib; sourceTree = SDKROOT; };
		188C967518DDF4800006DF86 /* AudioToolbox.framework */ = {isa = PBXFileReference; lastKnownFileType = wrapper.framework; name = AudioToolbox.framework; path = System/Library/Frameworks/AudioToolbox.framework; sourceTree = SDKROOT; };
		188C967718DDF4860006DF86 /* MessageUI.framework */ = {isa = PBXFileReference; lastKnownFileType = wrapper.framework; name = MessageUI.framework; path = System/Library/Frameworks/MessageUI.framework; sourceTree = SDKROOT; };
		188C967918DDF4910006DF86 /* SystemConfiguration.framework */ = {isa = PBXFileReference; lastKnownFileType = wrapper.framework; name = SystemConfiguration.framework; path = System/Library/Frameworks/SystemConfiguration.framework; sourceTree = SDKROOT; };
		188C967B18DDF4990006DF86 /* AdSupport.framework */ = {isa = PBXFileReference; lastKnownFileType = wrapper.framework; name = AdSupport.framework; path = System/Library/Frameworks/AdSupport.framework; sourceTree = SDKROOT; };
		188C967D18DDF5080006DF86 /* libsqlite3.0.dylib */ = {isa = PBXFileReference; lastKnownFileType = "compiled.mach-o.dylib"; name = libsqlite3.0.dylib; path = usr/lib/libsqlite3.0.dylib; sourceTree = SDKROOT; };
		188C967F18DDF5130006DF86 /* CFNetwork.framework */ = {isa = PBXFileReference; lastKnownFileType = wrapper.framework; name = CFNetwork.framework; path = System/Library/Frameworks/CFNetwork.framework; sourceTree = SDKROOT; };
		188C968118DDF5220006DF86 /* CoreData.framework */ = {isa = PBXFileReference; lastKnownFileType = wrapper.framework; name = CoreData.framework; path = System/Library/Frameworks/CoreData.framework; sourceTree = SDKROOT; };
		188C97FB18DDF81C0006DF86 /* GADAdMobExtras.h */ = {isa = PBXFileReference; fileEncoding = 4; lastKnownFileType = sourcecode.c.h; path = GADAdMobExtras.h; sourceTree = "<group>"; };
		188C97FC18DDF81C0006DF86 /* GADAdNetworkExtras.h */ = {isa = PBXFileReference; fileEncoding = 4; lastKnownFileType = sourcecode.c.h; path = GADAdNetworkExtras.h; sourceTree = "<group>"; };
		188C97FD18DDF81C0006DF86 /* GADAdSize.h */ = {isa = PBXFileReference; fileEncoding = 4; lastKnownFileType = sourcecode.c.h; path = GADAdSize.h; sourceTree = "<group>"; };
		188C97FE18DDF81C0006DF86 /* GADBannerView.h */ = {isa = PBXFileReference; fileEncoding = 4; lastKnownFileType = sourcecode.c.h; path = GADBannerView.h; sourceTree = "<group>"; };
		188C97FF18DDF81C0006DF86 /* GADBannerViewDelegate.h */ = {isa = PBXFileReference; fileEncoding = 4; lastKnownFileType = sourcecode.c.h; path = GADBannerViewDelegate.h; sourceTree = "<group>"; };
		188C980018DDF81C0006DF86 /* GADInterstitial.h */ = {isa = PBXFileReference; fileEncoding = 4; lastKnownFileType = sourcecode.c.h; path = GADInterstitial.h; sourceTree = "<group>"; };
		188C980118DDF81C0006DF86 /* GADInterstitialDelegate.h */ = {isa = PBXFileReference; fileEncoding = 4; lastKnownFileType = sourcecode.c.h; path = GADInterstitialDelegate.h; sourceTree = "<group>"; };
		188C980218DDF81C0006DF86 /* GADRequest.h */ = {isa = PBXFileReference; fileEncoding = 4; lastKnownFileType = sourcecode.c.h; path = GADRequest.h; sourceTree = "<group>"; };
		188C980318DDF81C0006DF86 /* GADRequestError.h */ = {isa = PBXFileReference; fileEncoding = 4; lastKnownFileType = sourcecode.c.h; path = GADRequestError.h; sourceTree = "<group>"; };
		188C980418DDF81C0006DF86 /* libGoogleAdMobAds.a */ = {isa = PBXFileReference; lastKnownFileType = archive.ar; path = libGoogleAdMobAds.a; sourceTree = "<group>"; };
		188C980518DDF81C0006DF86 /* README.txt */ = {isa = PBXFileReference; fileEncoding = 4; lastKnownFileType = text; path = README.txt; sourceTree = "<group>"; };
		188C985B18DDF8310006DF86 /* StoreKit.framework */ = {isa = PBXFileReference; lastKnownFileType = wrapper.framework; name = StoreKit.framework; path = System/Library/Frameworks/StoreKit.framework; sourceTree = SDKROOT; };
		188C986118DDFC010006DF86 /* AVFoundation.framework */ = {isa = PBXFileReference; lastKnownFileType = wrapper.framework; name = AVFoundation.framework; path = System/Library/Frameworks/AVFoundation.framework; sourceTree = SDKROOT; };
		188C986318DDFC130006DF86 /* CoreTelephony.framework */ = {isa = PBXFileReference; lastKnownFileType = wrapper.framework; name = CoreTelephony.framework; path = System/Library/Frameworks/CoreTelephony.framework; sourceTree = SDKROOT; };
		188C986518DE03AC0006DF86 /* button_click.mp3 */ = {isa = PBXFileReference; lastKnownFileType = audio.mp3; path = button_click.mp3; sourceTree = "<group>"; };
		188C986818DE04070006DF86 /* AudioHelper.h */ = {isa = PBXFileReference; fileEncoding = 4; lastKnownFileType = sourcecode.c.h; path = AudioHelper.h; sourceTree = "<group>"; };
		188C986918DE04070006DF86 /* AudioHelper.m */ = {isa = PBXFileReference; fileEncoding = 4; lastKnownFileType = sourcecode.c.objc; path = AudioHelper.m; sourceTree = "<group>"; };
		188C987718DE0EF60006DF86 /* woosh.aif */ = {isa = PBXFileReference; lastKnownFileType = file; path = woosh.aif; sourceTree = "<group>"; };
		18C208B218DB339000C548E3 /* en */ = {isa = PBXFileReference; lastKnownFileType = text.plist.strings; name = en; path = en.lproj/UMSocialLocalizable.strings; sourceTree = "<group>"; };
		18C208B518DB339000C548E3 /* libWeChatSDK.a */ = {isa = PBXFileReference; lastKnownFileType = archive.ar; path = libWeChatSDK.a; sourceTree = "<group>"; };
		18C208B618DB339000C548E3 /* WXApi.h */ = {isa = PBXFileReference; fileEncoding = 4; lastKnownFileType = sourcecode.c.h; path = WXApi.h; sourceTree = "<group>"; };
		18C208B718DB339000C548E3 /* WXApiObject.h */ = {isa = PBXFileReference; fileEncoding = 4; lastKnownFileType = sourcecode.c.h; path = WXApiObject.h; sourceTree = "<group>"; };
		18C208B918DB339000C548E3 /* UMSocial.h */ = {isa = PBXFileReference; fileEncoding = 4; lastKnownFileType = sourcecode.c.h; path = UMSocial.h; sourceTree = "<group>"; };
		18C208BA18DB339000C548E3 /* UMSocialAccountManager.h */ = {isa = PBXFileReference; fileEncoding = 4; lastKnownFileType = sourcecode.c.h; path = UMSocialAccountManager.h; sourceTree = "<group>"; };
		18C208BB18DB339000C548E3 /* UMSocialBar.h */ = {isa = PBXFileReference; fileEncoding = 4; lastKnownFileType = sourcecode.c.h; path = UMSocialBar.h; sourceTree = "<group>"; };
		18C208BC18DB339000C548E3 /* UMSocialConfig.h */ = {isa = PBXFileReference; fileEncoding = 4; lastKnownFileType = sourcecode.c.h; path = UMSocialConfig.h; sourceTree = "<group>"; };
		18C208BD18DB339000C548E3 /* UMSocialControllerService.h */ = {isa = PBXFileReference; fileEncoding = 4; lastKnownFileType = sourcecode.c.h; path = UMSocialControllerService.h; sourceTree = "<group>"; };
		18C208BE18DB339000C548E3 /* UMSocialControllerServiceComment.h */ = {isa = PBXFileReference; fileEncoding = 4; lastKnownFileType = sourcecode.c.h; path = UMSocialControllerServiceComment.h; sourceTree = "<group>"; };
		18C208BF18DB339000C548E3 /* UMSocialData.h */ = {isa = PBXFileReference; fileEncoding = 4; lastKnownFileType = sourcecode.c.h; path = UMSocialData.h; sourceTree = "<group>"; };
		18C208C018DB339000C548E3 /* UMSocialDataService.h */ = {isa = PBXFileReference; fileEncoding = 4; lastKnownFileType = sourcecode.c.h; path = UMSocialDataService.h; sourceTree = "<group>"; };
		18C208C118DB339000C548E3 /* UMSocialSnsData.h */ = {isa = PBXFileReference; fileEncoding = 4; lastKnownFileType = sourcecode.c.h; path = UMSocialSnsData.h; sourceTree = "<group>"; };
		18C208C218DB339000C548E3 /* UMSocialSnsPlatformManager.h */ = {isa = PBXFileReference; fileEncoding = 4; lastKnownFileType = sourcecode.c.h; path = UMSocialSnsPlatformManager.h; sourceTree = "<group>"; };
		18C208C318DB339000C548E3 /* UMSocialSnsService.h */ = {isa = PBXFileReference; fileEncoding = 4; lastKnownFileType = sourcecode.c.h; path = UMSocialSnsService.h; sourceTree = "<group>"; };
		18C208C418DB339000C548E3 /* libUMSocial_Sdk_3.3.4.a */ = {isa = PBXFileReference; lastKnownFileType = archive.ar; path = libUMSocial_Sdk_3.3.4.a; sourceTree = "<group>"; };
		18C208C618DB339000C548E3 /* UMSCommentDetailController.xib */ = {isa = PBXFileReference; fileEncoding = 4; lastKnownFileType = file.xib; path = UMSCommentDetailController.xib; sourceTree = "<group>"; };
		18C208C718DB339000C548E3 /* UMSCommentInputController.xib */ = {isa = PBXFileReference; fileEncoding = 4; lastKnownFileType = file.xib; path = UMSCommentInputController.xib; sourceTree = "<group>"; };
		18C208C818DB339000C548E3 /* UMSCommentInputControlleriPad.xib */ = {isa = PBXFileReference; fileEncoding = 4; lastKnownFileType = file.xib; path = UMSCommentInputControlleriPad.xib; sourceTree = "<group>"; };
		18C208C918DB339000C548E3 /* UMShareEditViewController.xib */ = {isa = PBXFileReference; fileEncoding = 4; lastKnownFileType = file.xib; path = UMShareEditViewController.xib; sourceTree = "<group>"; };
		18C208CA18DB339000C548E3 /* UMShareEditViewControlleriPad.xib */ = {isa = PBXFileReference; fileEncoding = 4; lastKnownFileType = file.xib; path = UMShareEditViewControlleriPad.xib; sourceTree = "<group>"; };
		18C208CB18DB339000C548E3 /* UMSLoginViewController.xib */ = {isa = PBXFileReference; fileEncoding = 4; lastKnownFileType = file.xib; path = UMSLoginViewController.xib; sourceTree = "<group>"; };
		18C208CC18DB339000C548E3 /* UMSnsAccountViewController.xib */ = {isa = PBXFileReference; fileEncoding = 4; lastKnownFileType = file.xib; path = UMSnsAccountViewController.xib; sourceTree = "<group>"; };
		18C208CD18DB339000C548E3 /* UMSShareListController.xib */ = {isa = PBXFileReference; fileEncoding = 4; lastKnownFileType = file.xib; path = UMSShareListController.xib; sourceTree = "<group>"; };
		18C208CE18DB339000C548E3 /* UMSocialSDKResourcesNew.bundle */ = {isa = PBXFileReference; lastKnownFileType = "wrapper.plug-in"; path = UMSocialSDKResourcesNew.bundle; sourceTree = "<group>"; };
		18C208CF18DB339000C548E3 /* zh-Hans */ = {isa = PBXFileReference; lastKnownFileType = text.plist.strings; name = "zh-Hans"; path = "zh-Hans.lproj/UMSocialLocalizable.strings"; sourceTree = "<group>"; };
		18E11FC718D8F3C400CC8C42 /* 2048.app */ = {isa = PBXFileReference; explicitFileType = wrapper.application; includeInIndex = 0; path = 2048.app; sourceTree = BUILT_PRODUCTS_DIR; };
		18E11FCA18D8F3C400CC8C42 /* Foundation.framework */ = {isa = PBXFileReference; lastKnownFileType = wrapper.framework; name = Foundation.framework; path = System/Library/Frameworks/Foundation.framework; sourceTree = SDKROOT; };
		18E11FCC18D8F3C400CC8C42 /* CoreGraphics.framework */ = {isa = PBXFileReference; lastKnownFileType = wrapper.framework; name = CoreGraphics.framework; path = System/Library/Frameworks/CoreGraphics.framework; sourceTree = SDKROOT; };
		18E11FCE18D8F3C400CC8C42 /* UIKit.framework */ = {isa = PBXFileReference; lastKnownFileType = wrapper.framework; name = UIKit.framework; path = System/Library/Frameworks/UIKit.framework; sourceTree = SDKROOT; };
		18E11FD218D8F3C400CC8C42 /* 2048-Info.plist */ = {isa = PBXFileReference; lastKnownFileType = text.plist.xml; path = "2048-Info.plist"; sourceTree = "<group>"; };
		18E11FD418D8F3C500CC8C42 /* en */ = {isa = PBXFileReference; lastKnownFileType = text.plist.strings; name = en; path = en.lproj/InfoPlist.strings; sourceTree = "<group>"; };
		18E11FD618D8F3C500CC8C42 /* main.m */ = {isa = PBXFileReference; lastKnownFileType = sourcecode.c.objc; path = main.m; sourceTree = "<group>"; };
		18E11FD818D8F3C500CC8C42 /* 2048-Prefix.pch */ = {isa = PBXFileReference; lastKnownFileType = sourcecode.c.h; path = "2048-Prefix.pch"; sourceTree = "<group>"; };
		18E11FD918D8F3C500CC8C42 /* AppDelegate.h */ = {isa = PBXFileReference; lastKnownFileType = sourcecode.c.h; path = AppDelegate.h; sourceTree = "<group>"; };
		18E11FDA18D8F3C500CC8C42 /* AppDelegate.m */ = {isa = PBXFileReference; lastKnownFileType = sourcecode.c.objc; path = AppDelegate.m; sourceTree = "<group>"; };
		18E11FDC18D8F3C500CC8C42 /* Images.xcassets */ = {isa = PBXFileReference; lastKnownFileType = folder.assetcatalog; path = Images.xcassets; sourceTree = "<group>"; };
		18E11FE218D8F3C500CC8C42 /* 2048Tests.xctest */ = {isa = PBXFileReference; explicitFileType = wrapper.cfbundle; includeInIndex = 0; path = 2048Tests.xctest; sourceTree = BUILT_PRODUCTS_DIR; };
		18E11FE318D8F3C500CC8C42 /* XCTest.framework */ = {isa = PBXFileReference; lastKnownFileType = wrapper.framework; name = XCTest.framework; path = Library/Frameworks/XCTest.framework; sourceTree = DEVELOPER_DIR; };
		18E11FFD18D8F44200CC8C42 /* MainViewController.h */ = {isa = PBXFileReference; fileEncoding = 4; lastKnownFileType = sourcecode.c.h; path = MainViewController.h; sourceTree = "<group>"; };
		18E11FFE18D8F44200CC8C42 /* MainViewController.m */ = {isa = PBXFileReference; fileEncoding = 4; lastKnownFileType = sourcecode.c.objc; path = MainViewController.m; sourceTree = "<group>"; };
		18E1200018D8F46200CC8C42 /* MainView.h */ = {isa = PBXFileReference; fileEncoding = 4; lastKnownFileType = sourcecode.c.h; path = MainView.h; sourceTree = "<group>"; };
		18E1200118D8F46200CC8C42 /* MainView.m */ = {isa = PBXFileReference; fileEncoding = 4; lastKnownFileType = sourcecode.c.objc; path = MainView.m; sourceTree = "<group>"; };
		18E1200318D8F4B900CC8C42 /* GameView.h */ = {isa = PBXFileReference; fileEncoding = 4; lastKnownFileType = sourcecode.c.h; path = GameView.h; sourceTree = "<group>"; };
		18E1200418D8F4B900CC8C42 /* GameView.m */ = {isa = PBXFileReference; fileEncoding = 4; lastKnownFileType = sourcecode.c.objc; path = GameView.m; sourceTree = "<group>"; };
		18E1200618D8F77600CC8C42 /* GameBlock.h */ = {isa = PBXFileReference; fileEncoding = 4; lastKnownFileType = sourcecode.c.h; path = GameBlock.h; sourceTree = "<group>"; };
		18E1200718D8F77600CC8C42 /* GameBlock.m */ = {isa = PBXFileReference; fileEncoding = 4; lastKnownFileType = sourcecode.c.objc; path = GameBlock.m; sourceTree = "<group>"; };
		18E1200918D8F85500CC8C42 /* GameBox.h */ = {isa = PBXFileReference; fileEncoding = 4; lastKnownFileType = sourcecode.c.h; path = GameBox.h; sourceTree = "<group>"; };
		18E1200A18D8F85500CC8C42 /* GameBox.m */ = {isa = PBXFileReference; fileEncoding = 4; lastKnownFileType = sourcecode.c.objc; path = GameBox.m; sourceTree = "<group>"; };
		18E1200D18D909E200CC8C42 /* UIView+Animation.h */ = {isa = PBXFileReference; fileEncoding = 4; lastKnownFileType = sourcecode.c.h; path = "UIView+Animation.h"; sourceTree = "<group>"; };
		18E1200E18D909E200CC8C42 /* UIView+Animation.m */ = {isa = PBXFileReference; fileEncoding = 4; lastKnownFileType = sourcecode.c.objc; path = "UIView+Animation.m"; sourceTree = "<group>"; };
		18F3C6FD18DB1B58006BCEF6 /* UIView+Controller.h */ = {isa = PBXFileReference; fileEncoding = 4; lastKnownFileType = sourcecode.c.h; path = "UIView+Controller.h"; sourceTree = "<group>"; };
		18F3C6FE18DB1B58006BCEF6 /* UIView+Controller.m */ = {isa = PBXFileReference; fileEncoding = 4; lastKnownFileType = sourcecode.c.objc; path = "UIView+Controller.m"; sourceTree = "<group>"; };
		9653474318DEE06700B482F8 /* down.mp3 */ = {isa = PBXFileReference; lastKnownFileType = audio.mp3; path = down.mp3; sourceTree = "<group>"; };
		9677F2C218DDA16A004625AE /* CountView.h */ = {isa = PBXFileReference; fileEncoding = 4; lastKnownFileType = sourcecode.c.h; path = CountView.h; sourceTree = "<group>"; };
		9677F2C318DDA16A004625AE /* CountView.m */ = {isa = PBXFileReference; fileEncoding = 4; lastKnownFileType = sourcecode.c.objc; path = CountView.m; sourceTree = "<group>"; };
		9677F2C518DDD1DA004625AE /* PopupMenu.h */ = {isa = PBXFileReference; fileEncoding = 4; lastKnownFileType = sourcecode.c.h; path = PopupMenu.h; sourceTree = "<group>"; };
		9677F2C618DDD1DA004625AE /* PopupMenu.m */ = {isa = PBXFileReference; fileEncoding = 4; lastKnownFileType = sourcecode.c.objc; path = PopupMenu.m; sourceTree = "<group>"; };
/* End PBXFileReference section */

/* Begin PBXFrameworksBuildPhase section */
		18E11FC418D8F3C400CC8C42 /* Frameworks */ = {
			isa = PBXFrameworksBuildPhase;
			buildActionMask = 2147483647;
			files = (
				188C967618DDF4800006DF86 /* AudioToolbox.framework in Frameworks */,
				188C986418DDFC130006DF86 /* CoreTelephony.framework in Frameworks */,
				188C986218DDFC010006DF86 /* AVFoundation.framework in Frameworks */,
				188C985C18DDF8310006DF86 /* StoreKit.framework in Frameworks */,
				188C968218DDF5220006DF86 /* CoreData.framework in Frameworks */,
				188C968018DDF5130006DF86 /* CFNetwork.framework in Frameworks */,
				188C967E18DDF5080006DF86 /* libsqlite3.0.dylib in Frameworks */,
				188C967C18DDF4990006DF86 /* AdSupport.framework in Frameworks */,
				188C967A18DDF4910006DF86 /* SystemConfiguration.framework in Frameworks */,
				188C967818DDF4860006DF86 /* MessageUI.framework in Frameworks */,
				188C949A18DDEECF0006DF86 /* libz.dylib in Frameworks */,
				188C985318DDF81D0006DF86 /* libGoogleAdMobAds.a in Frameworks */,
				18E11FCD18D8F3C400CC8C42 /* CoreGraphics.framework in Frameworks */,
				18E11FCF18D8F3C400CC8C42 /* UIKit.framework in Frameworks */,
				18C208D118DB339000C548E3 /* libWeChatSDK.a in Frameworks */,
				18C208D218DB339000C548E3 /* libUMSocial_Sdk_3.3.4.a in Frameworks */,
				18E11FCB18D8F3C400CC8C42 /* Foundation.framework in Frameworks */,
			);
			runOnlyForDeploymentPostprocessing = 0;
		};
		18E11FDF18D8F3C500CC8C42 /* Frameworks */ = {
			isa = PBXFrameworksBuildPhase;
			buildActionMask = 2147483647;
			files = (
				18E11FE418D8F3C500CC8C42 /* XCTest.framework in Frameworks */,
				18E11FE618D8F3C500CC8C42 /* UIKit.framework in Frameworks */,
				18E11FE518D8F3C500CC8C42 /* Foundation.framework in Frameworks */,
			);
			runOnlyForDeploymentPostprocessing = 0;
		};
/* End PBXFrameworksBuildPhase section */

/* Begin PBXGroup section */
		180C44EC18D9A57200876160 /* Resources */ = {
			isa = PBXGroup;
			children = (
				9653474318DEE06700B482F8 /* down.mp3 */,
				188C987718DE0EF60006DF86 /* woosh.aif */,
				188C986518DE03AC0006DF86 /* button_click.mp3 */,
			);
			path = Resources;
			sourceTree = "<group>";
		};
		188C976F18DDF81C0006DF86 /* GoogleAdMobAdsSdkiOS-6.8.0 */ = {
			isa = PBXGroup;
			children = (
				188C97FB18DDF81C0006DF86 /* GADAdMobExtras.h */,
				188C97FC18DDF81C0006DF86 /* GADAdNetworkExtras.h */,
				188C97FD18DDF81C0006DF86 /* GADAdSize.h */,
				188C97FE18DDF81C0006DF86 /* GADBannerView.h */,
				188C97FF18DDF81C0006DF86 /* GADBannerViewDelegate.h */,
				188C980018DDF81C0006DF86 /* GADInterstitial.h */,
				188C980118DDF81C0006DF86 /* GADInterstitialDelegate.h */,
				188C980218DDF81C0006DF86 /* GADRequest.h */,
				188C980318DDF81C0006DF86 /* GADRequestError.h */,
				188C980418DDF81C0006DF86 /* libGoogleAdMobAds.a */,
				188C980518DDF81C0006DF86 /* README.txt */,
			);
			path = "GoogleAdMobAdsSdkiOS-6.8.0";
			sourceTree = "<group>";
		};
		188C986718DE03F60006DF86 /* Audio */ = {
			isa = PBXGroup;
			children = (
				188C986818DE04070006DF86 /* AudioHelper.h */,
				188C986918DE04070006DF86 /* AudioHelper.m */,
			);
			path = Audio;
			sourceTree = "<group>";
		};
		18C208B018DB339000C548E3 /* UMSocial_Sdk_3.3.4 */ = {
			isa = PBXGroup;
			children = (
				18C208B118DB339000C548E3 /* UMSocialLocalizable.strings */,
				18C208B318DB339000C548E3 /* frameworks */,
				18C208B818DB339000C548E3 /* Header */,
				18C208C418DB339000C548E3 /* libUMSocial_Sdk_3.3.4.a */,
				18C208C518DB339000C548E3 /* SocialSDKXib */,
				18C208CE18DB339000C548E3 /* UMSocialSDKResourcesNew.bundle */,
			);
			path = UMSocial_Sdk_3.3.4;
			sourceTree = "<group>";
		};
		18C208B318DB339000C548E3 /* frameworks */ = {
			isa = PBXGroup;
			children = (
				18C208B418DB339000C548E3 /* Wechat */,
			);
			path = frameworks;
			sourceTree = "<group>";
		};
		18C208B418DB339000C548E3 /* Wechat */ = {
			isa = PBXGroup;
			children = (
				18C208B518DB339000C548E3 /* libWeChatSDK.a */,
				18C208B618DB339000C548E3 /* WXApi.h */,
				18C208B718DB339000C548E3 /* WXApiObject.h */,
			);
			path = Wechat;
			sourceTree = "<group>";
		};
		18C208B818DB339000C548E3 /* Header */ = {
			isa = PBXGroup;
			children = (
				18C208B918DB339000C548E3 /* UMSocial.h */,
				18C208BA18DB339000C548E3 /* UMSocialAccountManager.h */,
				18C208BB18DB339000C548E3 /* UMSocialBar.h */,
				18C208BC18DB339000C548E3 /* UMSocialConfig.h */,
				18C208BD18DB339000C548E3 /* UMSocialControllerService.h */,
				18C208BE18DB339000C548E3 /* UMSocialControllerServiceComment.h */,
				18C208BF18DB339000C548E3 /* UMSocialData.h */,
				18C208C018DB339000C548E3 /* UMSocialDataService.h */,
				18C208C118DB339000C548E3 /* UMSocialSnsData.h */,
				18C208C218DB339000C548E3 /* UMSocialSnsPlatformManager.h */,
				18C208C318DB339000C548E3 /* UMSocialSnsService.h */,
			);
			path = Header;
			sourceTree = "<group>";
		};
		18C208C518DB339000C548E3 /* SocialSDKXib */ = {
			isa = PBXGroup;
			children = (
				18C208C618DB339000C548E3 /* UMSCommentDetailController.xib */,
				18C208C718DB339000C548E3 /* UMSCommentInputController.xib */,
				18C208C818DB339000C548E3 /* UMSCommentInputControlleriPad.xib */,
				18C208C918DB339000C548E3 /* UMShareEditViewController.xib */,
				18C208CA18DB339000C548E3 /* UMShareEditViewControlleriPad.xib */,
				18C208CB18DB339000C548E3 /* UMSLoginViewController.xib */,
				18C208CC18DB339000C548E3 /* UMSnsAccountViewController.xib */,
				18C208CD18DB339000C548E3 /* UMSShareListController.xib */,
			);
			path = SocialSDKXib;
			sourceTree = "<group>";
		};
		18E11FBE18D8F3C400CC8C42 = {
			isa = PBXGroup;
			children = (
				18E11FD018D8F3C400CC8C42 /* 2048 */,
				18E11FC918D8F3C400CC8C42 /* Frameworks */,
				18E11FC818D8F3C400CC8C42 /* Products */,
			);
			sourceTree = "<group>";
		};
		18E11FC818D8F3C400CC8C42 /* Products */ = {
			isa = PBXGroup;
			children = (
				18E11FC718D8F3C400CC8C42 /* 2048.app */,
				18E11FE218D8F3C500CC8C42 /* 2048Tests.xctest */,
			);
			name = Products;
			sourceTree = "<group>";
		};
		18E11FC918D8F3C400CC8C42 /* Frameworks */ = {
			isa = PBXGroup;
			children = (
				188C986318DDFC130006DF86 /* CoreTelephony.framework */,
				188C986118DDFC010006DF86 /* AVFoundation.framework */,
				188C985B18DDF8310006DF86 /* StoreKit.framework */,
				188C968118DDF5220006DF86 /* CoreData.framework */,
				188C967F18DDF5130006DF86 /* CFNetwork.framework */,
				188C967D18DDF5080006DF86 /* libsqlite3.0.dylib */,
				188C967B18DDF4990006DF86 /* AdSupport.framework */,
				188C967918DDF4910006DF86 /* SystemConfiguration.framework */,
				188C967718DDF4860006DF86 /* MessageUI.framework */,
				188C967518DDF4800006DF86 /* AudioToolbox.framework */,
				188C949918DDEECF0006DF86 /* libz.dylib */,
				18E11FCA18D8F3C400CC8C42 /* Foundation.framework */,
				18E11FCC18D8F3C400CC8C42 /* CoreGraphics.framework */,
				18E11FCE18D8F3C400CC8C42 /* UIKit.framework */,
				18E11FE318D8F3C500CC8C42 /* XCTest.framework */,
			);
			name = Frameworks;
			sourceTree = "<group>";
		};
		18E11FD018D8F3C400CC8C42 /* 2048 */ = {
			isa = PBXGroup;
			children = (
				180C44EC18D9A57200876160 /* Resources */,
				18E1200C18D909D000CC8C42 /* Category */,
				18E11FF918D8F40E00CC8C42 /* Class */,
				18E11FFC18D8F40E00CC8C42 /* Addition */,
				18E11FD918D8F3C500CC8C42 /* AppDelegate.h */,
				18E11FDA18D8F3C500CC8C42 /* AppDelegate.m */,
				182EEB2918D9DC2400CB4C5D /* Global.h */,
				18E11FDC18D8F3C500CC8C42 /* Images.xcassets */,
				18E11FD118D8F3C400CC8C42 /* Supporting Files */,
			);
			path = 2048;
			sourceTree = "<group>";
		};
		18E11FD118D8F3C400CC8C42 /* Supporting Files */ = {
			isa = PBXGroup;
			children = (
				18E11FD218D8F3C400CC8C42 /* 2048-Info.plist */,
				18E11FD318D8F3C500CC8C42 /* InfoPlist.strings */,
				18E11FD618D8F3C500CC8C42 /* main.m */,
				18E11FD818D8F3C500CC8C42 /* 2048-Prefix.pch */,
			);
			name = "Supporting Files";
			sourceTree = "<group>";
		};
		18E11FF918D8F40E00CC8C42 /* Class */ = {
			isa = PBXGroup;
			children = (
				188C986718DE03F60006DF86 /* Audio */,
				18E11FFB18D8F40E00CC8C42 /* View */,
			);
			path = Class;
			sourceTree = "<group>";
		};
		18E11FFB18D8F40E00CC8C42 /* View */ = {
			isa = PBXGroup;
			children = (
				18E11FFD18D8F44200CC8C42 /* MainViewController.h */,
				18E11FFE18D8F44200CC8C42 /* MainViewController.m */,
				18E1200018D8F46200CC8C42 /* MainView.h */,
				18E1200118D8F46200CC8C42 /* MainView.m */,
				18E1200318D8F4B900CC8C42 /* GameView.h */,
				18E1200418D8F4B900CC8C42 /* GameView.m */,
				18E1200618D8F77600CC8C42 /* GameBlock.h */,
				18E1200718D8F77600CC8C42 /* GameBlock.m */,
				18E1200918D8F85500CC8C42 /* GameBox.h */,
				18E1200A18D8F85500CC8C42 /* GameBox.m */,
				9677F2C218DDA16A004625AE /* CountView.h */,
				9677F2C318DDA16A004625AE /* CountView.m */,
				9677F2C518DDD1DA004625AE /* PopupMenu.h */,
				9677F2C618DDD1DA004625AE /* PopupMenu.m */,
			);
			path = View;
			sourceTree = "<group>";
		};
		18E11FFC18D8F40E00CC8C42 /* Addition */ = {
			isa = PBXGroup;
			children = (
				188C976F18DDF81C0006DF86 /* GoogleAdMobAdsSdkiOS-6.8.0 */,
				18C208B018DB339000C548E3 /* UMSocial_Sdk_3.3.4 */,
			);
			path = Addition;
			sourceTree = "<group>";
		};
		18E1200C18D909D000CC8C42 /* Category */ = {
			isa = PBXGroup;
			children = (
				18E1200D18D909E200CC8C42 /* UIView+Animation.h */,
				18E1200E18D909E200CC8C42 /* UIView+Animation.m */,
				18F3C6FD18DB1B58006BCEF6 /* UIView+Controller.h */,
				18F3C6FE18DB1B58006BCEF6 /* UIView+Controller.m */,
			);
			path = Category;
			sourceTree = "<group>";
		};
/* End PBXGroup section */

/* Begin PBXNativeTarget section */
		18E11FC618D8F3C400CC8C42 /* 2048 */ = {
			isa = PBXNativeTarget;
			buildConfigurationList = 18E11FF318D8F3C500CC8C42 /* Build configuration list for PBXNativeTarget "2048" */;
			buildPhases = (
				18E11FC318D8F3C400CC8C42 /* Sources */,
				18E11FC418D8F3C400CC8C42 /* Frameworks */,
				18E11FC518D8F3C400CC8C42 /* Resources */,
			);
			buildRules = (
			);
			dependencies = (
			);
			name = 2048;
			productName = 2048;
			productReference = 18E11FC718D8F3C400CC8C42 /* 2048.app */;
			productType = "com.apple.product-type.application";
		};
		18E11FE118D8F3C500CC8C42 /* 2048Tests */ = {
			isa = PBXNativeTarget;
			buildConfigurationList = 18E11FF618D8F3C500CC8C42 /* Build configuration list for PBXNativeTarget "2048Tests" */;
			buildPhases = (
				18E11FDE18D8F3C500CC8C42 /* Sources */,
				18E11FDF18D8F3C500CC8C42 /* Frameworks */,
				18E11FE018D8F3C500CC8C42 /* Resources */,
			);
			buildRules = (
			);
			dependencies = (
				18E11FE818D8F3C500CC8C42 /* PBXTargetDependency */,
			);
			name = 2048Tests;
			productName = 2048Tests;
			productReference = 18E11FE218D8F3C500CC8C42 /* 2048Tests.xctest */;
			productType = "com.apple.product-type.bundle.unit-test";
		};
/* End PBXNativeTarget section */

/* Begin PBXProject section */
		18E11FBF18D8F3C400CC8C42 /* Project object */ = {
			isa = PBXProject;
			attributes = {
				LastUpgradeCheck = 0500;
				ORGANIZATIONNAME = Joe;
				TargetAttributes = {
					18E11FE118D8F3C500CC8C42 = {
						TestTargetID = 18E11FC618D8F3C400CC8C42;
					};
				};
			};
			buildConfigurationList = 18E11FC218D8F3C400CC8C42 /* Build configuration list for PBXProject "2048" */;
			compatibilityVersion = "Xcode 3.2";
			developmentRegion = English;
			hasScannedForEncodings = 0;
			knownRegions = (
				en,
				"zh-Hans",
			);
			mainGroup = 18E11FBE18D8F3C400CC8C42;
			productRefGroup = 18E11FC818D8F3C400CC8C42 /* Products */;
			projectDirPath = "";
			projectRoot = "";
			targets = (
				18E11FC618D8F3C400CC8C42 /* 2048 */,
				18E11FE118D8F3C500CC8C42 /* 2048Tests */,
			);
		};
/* End PBXProject section */

/* Begin PBXResourcesBuildPhase section */
		18E11FC518D8F3C400CC8C42 /* Resources */ = {
			isa = PBXResourcesBuildPhase;
			buildActionMask = 2147483647;
			files = (
				18E11FD518D8F3C500CC8C42 /* InfoPlist.strings in Resources */,
				18C208D718DB339000C548E3 /* UMShareEditViewControlleriPad.xib in Resources */,
				188C986618DE03AC0006DF86 /* button_click.mp3 in Resources */,
				18E11FDD18D8F3C500CC8C42 /* Images.xcassets in Resources */,
				188C985418DDF81D0006DF86 /* README.txt in Resources */,
				18C208DA18DB339000C548E3 /* UMSShareListController.xib in Resources */,
				18C208D818DB339000C548E3 /* UMSLoginViewController.xib in Resources */,
				18C208D418DB339000C548E3 /* UMSCommentInputController.xib in Resources */,
				188C987818DE0EF60006DF86 /* woosh.aif in Resources */,
				18C208DB18DB339000C548E3 /* UMSocialSDKResourcesNew.bundle in Resources */,
				18C208D318DB339000C548E3 /* UMSCommentDetailController.xib in Resources */,
				18C208D618DB339000C548E3 /* UMShareEditViewController.xib in Resources */,
				18C208D518DB339000C548E3 /* UMSCommentInputControlleriPad.xib in Resources */,
				18C208D018DB339000C548E3 /* UMSocialLocalizable.strings in Resources */,
				9653474418DEE06700B482F8 /* down.mp3 in Resources */,
				18C208D918DB339000C548E3 /* UMSnsAccountViewController.xib in Resources */,
			);
			runOnlyForDeploymentPostprocessing = 0;
		};
		18E11FE018D8F3C500CC8C42 /* Resources */ = {
			isa = PBXResourcesBuildPhase;
			buildActionMask = 2147483647;
			files = (
			);
			runOnlyForDeploymentPostprocessing = 0;
		};
/* End PBXResourcesBuildPhase section */

/* Begin PBXSourcesBuildPhase section */
		18E11FC318D8F3C400CC8C42 /* Sources */ = {
			isa = PBXSourcesBuildPhase;
			buildActionMask = 2147483647;
			files = (
				18E11FDB18D8F3C500CC8C42 /* AppDelegate.m in Sources */,
				9677F2C718DDD1DA004625AE /* PopupMenu.m in Sources */,
				188C986A18DE04070006DF86 /* AudioHelper.m in Sources */,
				18E1200F18D909E200CC8C42 /* UIView+Animation.m in Sources */,
				18E1200518D8F4B900CC8C42 /* GameView.m in Sources */,
				18F3C6FF18DB1B58006BCEF6 /* UIView+Controller.m in Sources */,
				18E1200218D8F46200CC8C42 /* MainView.m in Sources */,
				18E11FFF18D8F44200CC8C42 /* MainViewController.m in Sources */,
				18E1200818D8F77600CC8C42 /* GameBlock.m in Sources */,
				18E11FD718D8F3C500CC8C42 /* main.m in Sources */,
				9677F2C418DDA16A004625AE /* CountView.m in Sources */,
				18E1200B18D8F85500CC8C42 /* GameBox.m in Sources */,
			);
			runOnlyForDeploymentPostprocessing = 0;
		};
		18E11FDE18D8F3C500CC8C42 /* Sources */ = {
			isa = PBXSourcesBuildPhase;
			buildActionMask = 2147483647;
			files = (
			);
			runOnlyForDeploymentPostprocessing = 0;
		};
/* End PBXSourcesBuildPhase section */

/* Begin PBXTargetDependency section */
		18E11FE818D8F3C500CC8C42 /* PBXTargetDependency */ = {
			isa = PBXTargetDependency;
			target = 18E11FC618D8F3C400CC8C42 /* 2048 */;
			targetProxy = 18E11FE718D8F3C500CC8C42 /* PBXContainerItemProxy */;
		};
/* End PBXTargetDependency section */

/* Begin PBXVariantGroup section */
		18C208B118DB339000C548E3 /* UMSocialLocalizable.strings */ = {
			isa = PBXVariantGroup;
			children = (
				18C208B218DB339000C548E3 /* en */,
				18C208CF18DB339000C548E3 /* zh-Hans */,
			);
			name = UMSocialLocalizable.strings;
			sourceTree = "<group>";
		};
		18E11FD318D8F3C500CC8C42 /* InfoPlist.strings */ = {
			isa = PBXVariantGroup;
			children = (
				18E11FD418D8F3C500CC8C42 /* en */,
			);
			name = InfoPlist.strings;
			sourceTree = "<group>";
		};
/* End PBXVariantGroup section */

/* Begin XCBuildConfiguration section */
		18E11FF118D8F3C500CC8C42 /* Debug */ = {
			isa = XCBuildConfiguration;
			buildSettings = {
				ALWAYS_SEARCH_USER_PATHS = NO;
				ARCHS = "$(ARCHS_STANDARD_INCLUDING_64_BIT)";
				CLANG_CXX_LANGUAGE_STANDARD = "gnu++0x";
				CLANG_CXX_LIBRARY = "libc++";
				CLANG_ENABLE_MODULES = YES;
				CLANG_ENABLE_OBJC_ARC = YES;
				CLANG_WARN_BOOL_CONVERSION = YES;
				CLANG_WARN_CONSTANT_CONVERSION = YES;
				CLANG_WARN_DIRECT_OBJC_ISA_USAGE = YES_ERROR;
				CLANG_WARN_EMPTY_BODY = YES;
				CLANG_WARN_ENUM_CONVERSION = YES;
				CLANG_WARN_INT_CONVERSION = YES;
				CLANG_WARN_OBJC_ROOT_CLASS = YES_ERROR;
				CLANG_WARN__DUPLICATE_METHOD_MATCH = YES;
				"CODE_SIGN_IDENTITY[sdk=iphoneos*]" = "iPhone Developer";
				COPY_PHASE_STRIP = NO;
				GCC_C_LANGUAGE_STANDARD = gnu99;
				GCC_DYNAMIC_NO_PIC = NO;
				GCC_OPTIMIZATION_LEVEL = 0;
				GCC_PREPROCESSOR_DEFINITIONS = (
					"DEBUG=1",
					"$(inherited)",
				);
				GCC_SYMBOLS_PRIVATE_EXTERN = NO;
				GCC_WARN_64_TO_32_BIT_CONVERSION = YES;
				GCC_WARN_ABOUT_RETURN_TYPE = YES_ERROR;
				GCC_WARN_UNDECLARED_SELECTOR = YES;
				GCC_WARN_UNINITIALIZED_AUTOS = YES;
				GCC_WARN_UNUSED_FUNCTION = YES;
				GCC_WARN_UNUSED_VARIABLE = YES;
				IPHONEOS_DEPLOYMENT_TARGET = 7.0;
				ONLY_ACTIVE_ARCH = YES;
				OTHER_LDFLAGS = "";
				SDKROOT = iphoneos;
				TARGETED_DEVICE_FAMILY = "1,2";
				VALID_ARCHS = "armv7s armv7";
			};
			name = Debug;
		};
		18E11FF218D8F3C500CC8C42 /* Release */ = {
			isa = XCBuildConfiguration;
			buildSettings = {
				ALWAYS_SEARCH_USER_PATHS = NO;
				ARCHS = "$(ARCHS_STANDARD_INCLUDING_64_BIT)";
				CLANG_CXX_LANGUAGE_STANDARD = "gnu++0x";
				CLANG_CXX_LIBRARY = "libc++";
				CLANG_ENABLE_MODULES = YES;
				CLANG_ENABLE_OBJC_ARC = YES;
				CLANG_WARN_BOOL_CONVERSION = YES;
				CLANG_WARN_CONSTANT_CONVERSION = YES;
				CLANG_WARN_DIRECT_OBJC_ISA_USAGE = YES_ERROR;
				CLANG_WARN_EMPTY_BODY = YES;
				CLANG_WARN_ENUM_CONVERSION = YES;
				CLANG_WARN_INT_CONVERSION = YES;
				CLANG_WARN_OBJC_ROOT_CLASS = YES_ERROR;
				CLANG_WARN__DUPLICATE_METHOD_MATCH = YES;
				"CODE_SIGN_IDENTITY[sdk=iphoneos*]" = "iPhone Developer";
				COPY_PHASE_STRIP = YES;
				ENABLE_NS_ASSERTIONS = NO;
				GCC_C_LANGUAGE_STANDARD = gnu99;
				GCC_WARN_64_TO_32_BIT_CONVERSION = YES;
				GCC_WARN_ABOUT_RETURN_TYPE = YES_ERROR;
				GCC_WARN_UNDECLARED_SELECTOR = YES;
				GCC_WARN_UNINITIALIZED_AUTOS = YES;
				GCC_WARN_UNUSED_FUNCTION = YES;
				GCC_WARN_UNUSED_VARIABLE = YES;
				IPHONEOS_DEPLOYMENT_TARGET = 7.0;
				OTHER_LDFLAGS = "";
				SDKROOT = iphoneos;
				TARGETED_DEVICE_FAMILY = "1,2";
				VALIDATE_PRODUCT = YES;
				VALID_ARCHS = "armv7s armv7";
			};
			name = Release;
		};
		18E11FF418D8F3C500CC8C42 /* Debug */ = {
			isa = XCBuildConfiguration;
			buildSettings = {
				ASSETCATALOG_COMPILER_APPICON_NAME = AppIcon;
				ASSETCATALOG_COMPILER_LAUNCHIMAGE_NAME = LaunchImage;
				GCC_PRECOMPILE_PREFIX_HEADER = YES;
				GCC_PREFIX_HEADER = "2048/2048-Prefix.pch";
				INFOPLIST_FILE = "2048/2048-Info.plist";
				LIBRARY_SEARCH_PATHS = (
					"$(inherited)",
					/Users/apple/Downloads/umeng_ios_social_sdk_3.3.6_custom/UMSocial_Sdk_3.3.6,
					/Users/apple/Desktop/2048Git/2048/Addition/UMSocial_Sdk_3.3.6,
					"$(PROJECT_DIR)/2048/Addition/UMSocial_Sdk_3.3.4/frameworks/Wechat",
					"$(PROJECT_DIR)/2048/Addition/UMSocial_Sdk_3.3.4",
					"$(PROJECT_DIR)/2048/Addition/UMSocial_Sdk_3.3.6",
					"$(PROJECT_DIR)/2048/Addition/SDK",
					"$(PROJECT_DIR)/2048/Addition/UMAnalytics_Sdk_2.2.1.OpenUDID",
					"$(PROJECT_DIR)/2048/Addition",
					"$(PROJECT_DIR)/2048/Addition/GoogleAdMobAdsSdkiOS-6.8.0/Add-ons/GoogleAnalyticsServicesiOS_3.03",
					"$(PROJECT_DIR)/2048/Addition/GoogleAdMobAdsSdkiOS-6.8.0",
				);
				OTHER_LDFLAGS = "-ObjC";
				PRODUCT_NAME = "$(TARGET_NAME)";
				WRAPPER_EXTENSION = app;
			};
			name = Debug;
		};
		18E11FF518D8F3C500CC8C42 /* Release */ = {
			isa = XCBuildConfiguration;
			buildSettings = {
				ASSETCATALOG_COMPILER_APPICON_NAME = AppIcon;
				ASSETCATALOG_COMPILER_LAUNCHIMAGE_NAME = LaunchImage;
				GCC_PRECOMPILE_PREFIX_HEADER = YES;
				GCC_PREFIX_HEADER = "2048/2048-Prefix.pch";
				INFOPLIST_FILE = "2048/2048-Info.plist";
				LIBRARY_SEARCH_PATHS = (
					"$(inherited)",
					/Users/apple/Downloads/umeng_ios_social_sdk_3.3.6_custom/UMSocial_Sdk_3.3.6,
					/Users/apple/Desktop/2048Git/2048/Addition/UMSocial_Sdk_3.3.6,
					"$(PROJECT_DIR)/2048/Addition/UMSocial_Sdk_3.3.4/frameworks/Wechat",
					"$(PROJECT_DIR)/2048/Addition/UMSocial_Sdk_3.3.4",
					"$(PROJECT_DIR)/2048/Addition/UMSocial_Sdk_3.3.6",
					"$(PROJECT_DIR)/2048/Addition/SDK",
					"$(PROJECT_DIR)/2048/Addition/UMAnalytics_Sdk_2.2.1.OpenUDID",
					"$(PROJECT_DIR)/2048/Addition",
					"$(PROJECT_DIR)/2048/Addition/GoogleAdMobAdsSdkiOS-6.8.0/Add-ons/GoogleAnalyticsServicesiOS_3.03",
					"$(PROJECT_DIR)/2048/Addition/GoogleAdMobAdsSdkiOS-6.8.0",
				);
				OTHER_LDFLAGS = "-ObjC";
				PRODUCT_NAME = "$(TARGET_NAME)";
				WRAPPER_EXTENSION = app;
			};
			name = Release;
		};
		18E11FF718D8F3C500CC8C42 /* Debug */ = {
			isa = XCBuildConfiguration;
			buildSettings = {
				ARCHS = "$(ARCHS_STANDARD_INCLUDING_64_BIT)";
				BUNDLE_LOADER = "$(BUILT_PRODUCTS_DIR)/2048.app/2048";
				FRAMEWORK_SEARCH_PATHS = (
					"$(SDKROOT)/Developer/Library/Frameworks",
					"$(inherited)",
					"$(DEVELOPER_FRAMEWORKS_DIR)",
				);
				GCC_PRECOMPILE_PREFIX_HEADER = YES;
				GCC_PREFIX_HEADER = "2048/2048-Prefix.pch";
				GCC_PREPROCESSOR_DEFINITIONS = (
					"DEBUG=1",
					"$(inherited)",
				);
				INFOPLIST_FILE = "2048Tests/2048Tests-Info.plist";
				PRODUCT_NAME = "$(TARGET_NAME)";
				TEST_HOST = "$(BUNDLE_LOADER)";
				WRAPPER_EXTENSION = xctest;
			};
			name = Debug;
		};
		18E11FF818D8F3C500CC8C42 /* Release */ = {
			isa = XCBuildConfiguration;
			buildSettings = {
				ARCHS = "$(ARCHS_STANDARD_INCLUDING_64_BIT)";
				BUNDLE_LOADER = "$(BUILT_PRODUCTS_DIR)/2048.app/2048";
				FRAMEWORK_SEARCH_PATHS = (
					"$(SDKROOT)/Developer/Library/Frameworks",
					"$(inherited)",
					"$(DEVELOPER_FRAMEWORKS_DIR)",
				);
				GCC_PRECOMPILE_PREFIX_HEADER = YES;
				GCC_PREFIX_HEADER = "2048/2048-Prefix.pch";
				INFOPLIST_FILE = "2048Tests/2048Tests-Info.plist";
				PRODUCT_NAME = "$(TARGET_NAME)";
				TEST_HOST = "$(BUNDLE_LOADER)";
				WRAPPER_EXTENSION = xctest;
			};
			name = Release;
		};
/* End XCBuildConfiguration section */

/* Begin XCConfigurationList section */
		18E11FC218D8F3C400CC8C42 /* Build configuration list for PBXProject "2048" */ = {
			isa = XCConfigurationList;
			buildConfigurations = (
				18E11FF118D8F3C500CC8C42 /* Debug */,
				18E11FF218D8F3C500CC8C42 /* Release */,
			);
			defaultConfigurationIsVisible = 0;
			defaultConfigurationName = Release;
		};
		18E11FF318D8F3C500CC8C42 /* Build configuration list for PBXNativeTarget "2048" */ = {
			isa = XCConfigurationList;
			buildConfigurations = (
				18E11FF418D8F3C500CC8C42 /* Debug */,
				18E11FF518D8F3C500CC8C42 /* Release */,
			);
			defaultConfigurationIsVisible = 0;
			defaultConfigurationName = Release;
		};
		18E11FF618D8F3C500CC8C42 /* Build configuration list for PBXNativeTarget "2048Tests" */ = {
			isa = XCConfigurationList;
			buildConfigurations = (
				18E11FF718D8F3C500CC8C42 /* Debug */,
				18E11FF818D8F3C500CC8C42 /* Release */,
			);
			defaultConfigurationIsVisible = 0;
			defaultConfigurationName = Release;
		};
/* End XCConfigurationList section */
	};
	rootObject = 18E11FBF18D8F3C400CC8C42 /* Project object */;
}
